
Microsoft Visual Studio Solution File, Format Version 12.00
# Visual Studio Version 17
VisualStudioVersion = 17.8.34330.188
MinimumVisualStudioVersion = 10.0.40219.1
Project("{FAE04EC0-301F-11D3-BF4B-00C04F79EFBC}") = "stringVjezbaDva", "stringVjezbaDva\stringVjezbaDva.csproj", "{277810C0-CC1A-4100-9F0C-449D36B83058}"
EndProject
Global
	GlobalSection(SolutionConfigurationPlatforms) = preSolution
		Debug|Any CPU = Debug|Any CPU
		Release|Any CPU = Release|Any CPU
	EndGlobalSection
	GlobalSection(ProjectConfigurationPlatforms) = postSolution
		{277810C0-CC1A-4100-9F0C-449D36B83058}.Debug|Any CPU.ActiveCfg = Debug|Any CPU
		{277810C0-CC1A-4100-9F0C-449D36B83058}.Debug|Any CPU.Build.0 = Debug|Any CPU
		{277810C0-CC1A-4100-9F0C-449D36B83058}.Release|Any CPU.ActiveCfg = Release|Any CPU
		{277810C0-CC1A-4100-9F0C-449D36B83058}.Release|Any CPU.Build.0 = Release|Any CPU
	EndGlobalSection
	GlobalSection(SolutionProperties) = preSolution
		HideSolutionNode = FALSE
	EndGlobalSection
	GlobalSection(ExtensibilityGlobals) = postSolution
		SolutionGuid = {88DA7E40-1FE1-4F72-8B54-07CCF08B552B}
	EndGlobalSection
EndGlobal
